// !$*UTF8*$!
{
	archiveVersion = 1;
	classes = {
	};
	objectVersion = 77;
	objects = {

/* Begin PBXBuildFile section */
		F8BCCED42D62042B0072507D /* SceneManager.swift in Sources */ = {isa = PBXBuildFile; fileRef = F8BCCED32D62042B0072507D /* SceneManager.swift */; };
		F8BCCED62D6204470072507D /* OnboardingScene.swift in Sources */ = {isa = PBXBuildFile; fileRef = F8BCCED52D6204470072507D /* OnboardingScene.swift */; };
		F8BCCED82D62044E0072507D /* FactoryScene.swift in Sources */ = {isa = PBXBuildFile; fileRef = F8BCCED72D62044E0072507D /* FactoryScene.swift */; };
		F8BCCEDC2D6215EA0072507D /* TitleScene.swift in Sources */ = {isa = PBXBuildFile; fileRef = F8BCCEDB2D6215EA0072507D /* TitleScene.swift */; };
		F8BDB9D32D53704C00995C79 /* ContentView.swift in Sources */ = {isa = PBXBuildFile; fileRef = F8BDB9D02D53704C00995C79 /* ContentView.swift */; };
		F8BDB9D42D53704C00995C79 /* TheLastStopApp.swift in Sources */ = {isa = PBXBuildFile; fileRef = F8BDB9D12D53704C00995C79 /* TheLastStopApp.swift */; };
		F8BDB9D52D53704C00995C79 /* Preview Assets.xcassets in Resources */ = {isa = PBXBuildFile; fileRef = F8BDB9CD2D53704C00995C79 /* Preview Assets.xcassets */; };
		F8F611F72D64E86B008E07AC /* CraneScene.swift in Sources */ = {isa = PBXBuildFile; fileRef = F8F611F62D64E866008E07AC /* CraneScene.swift */; };
		F8F611FB2D64EAF0008E07AC /* Assets.xcassets in Resources */ = {isa = PBXBuildFile; fileRef = F8F611FA2D64EAF0008E07AC /* Assets.xcassets */; };
		F8F611FD2D64F0AA008E07AC /* DropScene.swift in Sources */ = {isa = PBXBuildFile; fileRef = F8F611FC2D64F0A8008E07AC /* DropScene.swift */; };
		F8F611FF2D65CA65008E07AC /* AgingScene.swift in Sources */ = {isa = PBXBuildFile; fileRef = F8F611FE2D65CA62008E07AC /* AgingScene.swift */; };
		F8F612012D65D219008E07AC /* EndingScene.swift in Sources */ = {isa = PBXBuildFile; fileRef = F8F612002D65D216008E07AC /* EndingScene.swift */; };
/* End PBXBuildFile section */

/* Begin PBXFileReference section */
		F8BCCED32D62042B0072507D /* SceneManager.swift */ = {isa = PBXFileReference; lastKnownFileType = sourcecode.swift; path = SceneManager.swift; sourceTree = "<group>"; };
		F8BCCED52D6204470072507D /* OnboardingScene.swift */ = {isa = PBXFileReference; lastKnownFileType = sourcecode.swift; path = OnboardingScene.swift; sourceTree = "<group>"; };
		F8BCCED72D62044E0072507D /* FactoryScene.swift */ = {isa = PBXFileReference; lastKnownFileType = sourcecode.swift; path = FactoryScene.swift; sourceTree = "<group>"; };
		F8BCCEDB2D6215EA0072507D /* TitleScene.swift */ = {isa = PBXFileReference; lastKnownFileType = sourcecode.swift; path = TitleScene.swift; sourceTree = "<group>"; };
		F8BDB9BC2D53702B00995C79 /* TheLastStop.app */ = {isa = PBXFileReference; explicitFileType = wrapper.application; includeInIndex = 0; path = TheLastStop.app; sourceTree = BUILT_PRODUCTS_DIR; };
		F8BDB9CD2D53704C00995C79 /* Preview Assets.xcassets */ = {isa = PBXFileReference; lastKnownFileType = folder.assetcatalog; path = "Preview Assets.xcassets"; sourceTree = "<group>"; };
		F8BDB9D02D53704C00995C79 /* ContentView.swift */ = {isa = PBXFileReference; lastKnownFileType = sourcecode.swift; path = ContentView.swift; sourceTree = "<group>"; };
		F8BDB9D12D53704C00995C79 /* TheLastStopApp.swift */ = {isa = PBXFileReference; lastKnownFileType = sourcecode.swift; path = TheLastStopApp.swift; sourceTree = "<group>"; };
		F8F611F62D64E866008E07AC /* CraneScene.swift */ = {isa = PBXFileReference; lastKnownFileType = sourcecode.swift; path = CraneScene.swift; sourceTree = "<group>"; };
		F8F611FA2D64EAF0008E07AC /* Assets.xcassets */ = {isa = PBXFileReference; lastKnownFileType = folder.assetcatalog; path = Assets.xcassets; sourceTree = "<group>"; };
		F8F611FC2D64F0A8008E07AC /* DropScene.swift */ = {isa = PBXFileReference; lastKnownFileType = sourcecode.swift; path = DropScene.swift; sourceTree = "<group>"; };
		F8F611FE2D65CA62008E07AC /* AgingScene.swift */ = {isa = PBXFileReference; lastKnownFileType = sourcecode.swift; path = AgingScene.swift; sourceTree = "<group>"; };
		F8F612002D65D216008E07AC /* EndingScene.swift */ = {isa = PBXFileReference; lastKnownFileType = sourcecode.swift; path = EndingScene.swift; sourceTree = "<group>"; };
/* End PBXFileReference section */

/* Begin PBXFrameworksBuildPhase section */
		F8BDB9B92D53702B00995C79 /* Frameworks */ = {
			isa = PBXFrameworksBuildPhase;
			buildActionMask = 2147483647;
			files = (
			);
			runOnlyForDeploymentPostprocessing = 0;
		};
/* End PBXFrameworksBuildPhase section */

/* Begin PBXGroup section */
		F8BDB9B32D53702B00995C79 = {
			isa = PBXGroup;
			children = (
				F8BDB9D22D53704C00995C79 /* TheLastStop */,
				F8BDB9BD2D53702B00995C79 /* Products */,
			);
			sourceTree = "<group>";
		};
		F8BDB9BD2D53702B00995C79 /* Products */ = {
			isa = PBXGroup;
			children = (
				F8BDB9BC2D53702B00995C79 /* TheLastStop.app */,
			);
			name = Products;
			sourceTree = "<group>";
		};
		F8BDB9CE2D53704C00995C79 /* Preview Content */ = {
			isa = PBXGroup;
			children = (
				F8BDB9CD2D53704C00995C79 /* Preview Assets.xcassets */,
			);
			path = "Preview Content";
			sourceTree = "<group>";
		};
		F8BDB9D22D53704C00995C79 /* TheLastStop */ = {
			isa = PBXGroup;
			children = (
				F8BDB9CE2D53704C00995C79 /* Preview Content */,
				F8BDB9D02D53704C00995C79 /* ContentView.swift */,
				F8BCCED32D62042B0072507D /* SceneManager.swift */,
				F8BCCED52D6204470072507D /* OnboardingScene.swift */,
				F8BCCEDB2D6215EA0072507D /* TitleScene.swift */,
				F8BCCED72D62044E0072507D /* FactoryScene.swift */,
				F8F611F62D64E866008E07AC /* CraneScene.swift */,
				F8F611FC2D64F0A8008E07AC /* DropScene.swift */,
				F8F611FE2D65CA62008E07AC /* AgingScene.swift */,
				F8F612002D65D216008E07AC /* EndingScene.swift */,
				F8F611FA2D64EAF0008E07AC /* Assets.xcassets */,
				F8BDB9D12D53704C00995C79 /* TheLastStopApp.swift */,
			);
			path = TheLastStop;
			sourceTree = "<group>";
		};
/* End PBXGroup section */

/* Begin PBXNativeTarget section */
		F8BDB9BB2D53702B00995C79 /* TheLastStop */ = {
			isa = PBXNativeTarget;
			buildConfigurationList = F8BDB9CA2D53702C00995C79 /* Build configuration list for PBXNativeTarget "TheLastStop" */;
			buildPhases = (
				F8BDB9B82D53702B00995C79 /* Sources */,
				F8BDB9B92D53702B00995C79 /* Frameworks */,
				F8BDB9BA2D53702B00995C79 /* Resources */,
			);
			buildRules = (
			);
			dependencies = (
			);
			name = TheLastStop;
			packageProductDependencies = (
			);
			productName = TheLastStop;
			productReference = F8BDB9BC2D53702B00995C79 /* TheLastStop.app */;
			productType = "com.apple.product-type.application";
		};
/* End PBXNativeTarget section */

/* Begin PBXProject section */
		F8BDB9B42D53702B00995C79 /* Project object */ = {
			isa = PBXProject;
			attributes = {
				BuildIndependentTargetsInParallel = 1;
				LastSwiftUpdateCheck = 1620;
				LastUpgradeCheck = 1620;
				TargetAttributes = {
					F8BDB9BB2D53702B00995C79 = {
						CreatedOnToolsVersion = 16.2;
					};
				};
			};
			buildConfigurationList = F8BDB9B72D53702B00995C79 /* Build configuration list for PBXProject "TheLastStop" */;
			developmentRegion = en;
			hasScannedForEncodings = 0;
			knownRegions = (
				en,
				Base,
			);
			mainGroup = F8BDB9B32D53702B00995C79;
			minimizedProjectReferenceProxies = 1;
			preferredProjectObjectVersion = 77;
			productRefGroup = F8BDB9BD2D53702B00995C79 /* Products */;
			projectDirPath = "";
			projectRoot = "";
			targets = (
				F8BDB9BB2D53702B00995C79 /* TheLastStop */,
			);
		};
/* End PBXProject section */

/* Begin PBXResourcesBuildPhase section */
		F8BDB9BA2D53702B00995C79 /* Resources */ = {
			isa = PBXResourcesBuildPhase;
			buildActionMask = 2147483647;
			files = (
				F8F611FB2D64EAF0008E07AC /* Assets.xcassets in Resources */,
				F8BDB9D52D53704C00995C79 /* Preview Assets.xcassets in Resources */,
			);
			runOnlyForDeploymentPostprocessing = 0;
		};
/* End PBXResourcesBuildPhase section */

/* Begin PBXSourcesBuildPhase section */
		F8BDB9B82D53702B00995C79 /* Sources */ = {
			isa = PBXSourcesBuildPhase;
			buildActionMask = 2147483647;
			files = (
				F8BCCED82D62044E0072507D /* FactoryScene.swift in Sources */,
				F8BDB9D32D53704C00995C79 /* ContentView.swift in Sources */,
				F8F611F72D64E86B008E07AC /* CraneScene.swift in Sources */,
				F8BCCED62D6204470072507D /* OnboardingScene.swift in Sources */,
				F8BCCEDC2D6215EA0072507D /* TitleScene.swift in Sources */,
				F8F612012D65D219008E07AC /* EndingScene.swift in Sources */,
				F8F611FD2D64F0AA008E07AC /* DropScene.swift in Sources */,
				F8BCCED42D62042B0072507D /* SceneManager.swift in Sources */,
				F8F611FF2D65CA65008E07AC /* AgingScene.swift in Sources */,
				F8BDB9D42D53704C00995C79 /* TheLastStopApp.swift in Sources */,
			);
			runOnlyForDeploymentPostprocessing = 0;
		};
/* End PBXSourcesBuildPhase section */

/* Begin XCBuildConfiguration section */
		F8BDB9C82D53702C00995C79 /* Debug */ = {
			isa = XCBuildConfiguration;
			buildSettings = {
				ALWAYS_SEARCH_USER_PATHS = NO;
				ASSETCATALOG_COMPILER_GENERATE_SWIFT_ASSET_SYMBOL_EXTENSIONS = YES;
				CLANG_ANALYZER_NONNULL = YES;
				CLANG_ANALYZER_NUMBER_OBJECT_CONVERSION = YES_AGGRESSIVE;
				CLANG_CXX_LANGUAGE_STANDARD = "gnu++20";
				CLANG_ENABLE_MODULES = YES;
				CLANG_ENABLE_OBJC_ARC = YES;
				CLANG_ENABLE_OBJC_WEAK = YES;
				CLANG_WARN_BLOCK_CAPTURE_AUTORELEASING = YES;
				CLANG_WARN_BOOL_CONVERSION = YES;
				CLANG_WARN_COMMA = YES;
				CLANG_WARN_CONSTANT_CONVERSION = YES;
				CLANG_WARN_DEPRECATED_OBJC_IMPLEMENTATIONS = YES;
				CLANG_WARN_DIRECT_OBJC_ISA_USAGE = YES_ERROR;
				CLANG_WARN_DOCUMENTATION_COMMENTS = YES;
				CLANG_WARN_EMPTY_BODY = YES;
				CLANG_WARN_ENUM_CONVERSION = YES;
				CLANG_WARN_INFINITE_RECURSION = YES;
				CLANG_WARN_INT_CONVERSION = YES;
				CLANG_WARN_NON_LITERAL_NULL_CONVERSION = YES;
				CLANG_WARN_OBJC_IMPLICIT_RETAIN_SELF = YES;
				CLANG_WARN_OBJC_LITERAL_CONVERSION = YES;
				CLANG_WARN_OBJC_ROOT_CLASS = YES_ERROR;
				CLANG_WARN_QUOTED_INCLUDE_IN_FRAMEWORK_HEADER = YES;
				CLANG_WARN_RANGE_LOOP_ANALYSIS = YES;
				CLANG_WARN_STRICT_PROTOTYPES = YES;
				CLANG_WARN_SUSPICIOUS_MOVE = YES;
				CLANG_WARN_UNGUARDED_AVAILABILITY = YES_AGGRESSIVE;
				CLANG_WARN_UNREACHABLE_CODE = YES;
				CLANG_WARN__DUPLICATE_METHOD_MATCH = YES;
				COPY_PHASE_STRIP = NO;
				DEBUG_INFORMATION_FORMAT = dwarf;
				ENABLE_STRICT_OBJC_MSGSEND = YES;
				ENABLE_TESTABILITY = YES;
				ENABLE_USER_SCRIPT_SANDBOXING = YES;
				GCC_C_LANGUAGE_STANDARD = gnu17;
				GCC_DYNAMIC_NO_PIC = NO;
				GCC_NO_COMMON_BLOCKS = YES;
				GCC_OPTIMIZATION_LEVEL = 0;
				GCC_PREPROCESSOR_DEFINITIONS = (
					"DEBUG=1",
					"$(inherited)",
				);
				GCC_WARN_64_TO_32_BIT_CONVERSION = YES;
				GCC_WARN_ABOUT_RETURN_TYPE = YES_ERROR;
				GCC_WARN_UNDECLARED_SELECTOR = YES;
				GCC_WARN_UNINITIALIZED_AUTOS = YES_AGGRESSIVE;
				GCC_WARN_UNUSED_FUNCTION = YES;
				GCC_WARN_UNUSED_VARIABLE = YES;
				IPHONEOS_DEPLOYMENT_TARGET = 18.2;
				LOCALIZATION_PREFERS_STRING_CATALOGS = YES;
				MTL_ENABLE_DEBUG_INFO = INCLUDE_SOURCE;
				MTL_FAST_MATH = YES;
				ONLY_ACTIVE_ARCH = YES;
				SDKROOT = iphoneos;
				SWIFT_ACTIVE_COMPILATION_CONDITIONS = "DEBUG $(inherited)";
				SWIFT_OPTIMIZATION_LEVEL = "-Onone";
			};
			name = Debug;
		};
		F8BDB9C92D53702C00995C79 /* Release */ = {
			isa = XCBuildConfiguration;
			buildSettings = {
				ALWAYS_SEARCH_USER_PATHS = NO;
				ASSETCATALOG_COMPILER_GENERATE_SWIFT_ASSET_SYMBOL_EXTENSIONS = YES;
				CLANG_ANALYZER_NONNULL = YES;
				CLANG_ANALYZER_NUMBER_OBJECT_CONVERSION = YES_AGGRESSIVE;
				CLANG_CXX_LANGUAGE_STANDARD = "gnu++20";
				CLANG_ENABLE_MODULES = YES;
				CLANG_ENABLE_OBJC_ARC = YES;
				CLANG_ENABLE_OBJC_WEAK = YES;
				CLANG_WARN_BLOCK_CAPTURE_AUTORELEASING = YES;
				CLANG_WARN_BOOL_CONVERSION = YES;
				CLANG_WARN_COMMA = YES;
				CLANG_WARN_CONSTANT_CONVERSION = YES;
				CLANG_WARN_DEPRECATED_OBJC_IMPLEMENTATIONS = YES;
				CLANG_WARN_DIRECT_OBJC_ISA_USAGE = YES_ERROR;
				CLANG_WARN_DOCUMENTATION_COMMENTS = YES;
				CLANG_WARN_EMPTY_BODY = YES;
				CLANG_WARN_ENUM_CONVERSION = YES;
				CLANG_WARN_INFINITE_RECURSION = YES;
				CLANG_WARN_INT_CONVERSION = YES;
				CLANG_WARN_NON_LITERAL_NULL_CONVERSION = YES;
				CLANG_WARN_OBJC_IMPLICIT_RETAIN_SELF = YES;
				CLANG_WARN_OBJC_LITERAL_CONVERSION = YES;
				CLANG_WARN_OBJC_ROOT_CLASS = YES_ERROR;
				CLANG_WARN_QUOTED_INCLUDE_IN_FRAMEWORK_HEADER = YES;
				CLANG_WARN_RANGE_LOOP_ANALYSIS = YES;
				CLANG_WARN_STRICT_PROTOTYPES = YES;
				CLANG_WARN_SUSPICIOUS_MOVE = YES;
				CLANG_WARN_UNGUARDED_AVAILABILITY = YES_AGGRESSIVE;
				CLANG_WARN_UNREACHABLE_CODE = YES;
				CLANG_WARN__DUPLICATE_METHOD_MATCH = YES;
				COPY_PHASE_STRIP = NO;
				DEBUG_INFORMATION_FORMAT = "dwarf-with-dsym";
				ENABLE_NS_ASSERTIONS = NO;
				ENABLE_STRICT_OBJC_MSGSEND = YES;
				ENABLE_USER_SCRIPT_SANDBOXING = YES;
				GCC_C_LANGUAGE_STANDARD = gnu17;
				GCC_NO_COMMON_BLOCKS = YES;
				GCC_WARN_64_TO_32_BIT_CONVERSION = YES;
				GCC_WARN_ABOUT_RETURN_TYPE = YES_ERROR;
				GCC_WARN_UNDECLARED_SELECTOR = YES;
				GCC_WARN_UNINITIALIZED_AUTOS = YES_AGGRESSIVE;
				GCC_WARN_UNUSED_FUNCTION = YES;
				GCC_WARN_UNUSED_VARIABLE = YES;
				IPHONEOS_DEPLOYMENT_TARGET = 18.2;
				LOCALIZATION_PREFERS_STRING_CATALOGS = YES;
				MTL_ENABLE_DEBUG_INFO = NO;
				MTL_FAST_MATH = YES;
				SDKROOT = iphoneos;
				SWIFT_COMPILATION_MODE = wholemodule;
				VALIDATE_PRODUCT = YES;
			};
			name = Release;
		};
		F8BDB9CB2D53702C00995C79 /* Debug */ = {
			isa = XCBuildConfiguration;
			buildSettings = {
				ASSETCATALOG_COMPILER_APPICON_NAME = AppIcon;
				ASSETCATALOG_COMPILER_GLOBAL_ACCENT_COLOR_NAME = AccentColor;
				CODE_SIGN_STYLE = Automatic;
				CURRENT_PROJECT_VERSION = 1;
				DEVELOPMENT_ASSET_PATHS = "\"TheLastStop/Preview Content\"";
				DEVELOPMENT_TEAM = VA3J8597P8;
				ENABLE_PREVIEWS = YES;
				GENERATE_INFOPLIST_FILE = YES;
				INFOPLIST_KEY_UIApplicationSceneManifest_Generation = YES;
				INFOPLIST_KEY_UIApplicationSupportsIndirectInputEvents = YES;
				INFOPLIST_KEY_UILaunchScreen_Generation = YES;
				INFOPLIST_KEY_UISupportedInterfaceOrientations = "UIInterfaceOrientationLandscapeLeft UIInterfaceOrientationLandscapeRight UIInterfaceOrientationPortrait";
				INFOPLIST_KEY_UISupportedInterfaceOrientations_iPad = "UIInterfaceOrientationLandscapeLeft UIInterfaceOrientationLandscapeRight";
				LD_RUNPATH_SEARCH_PATHS = (
					"$(inherited)",
					"@executable_path/Frameworks",
				);
				MARKETING_VERSION = 1.0;
				PRODUCT_BUNDLE_IDENTIFIER = com.moro.TheLastStop;
				PRODUCT_NAME = "$(TARGET_NAME)";
				SUPPORTED_PLATFORMS = "iphoneos iphonesimulator";
				SUPPORTS_MACCATALYST = NO;
				SUPPORTS_MAC_DESIGNED_FOR_IPHONE_IPAD = NO;
				SUPPORTS_XR_DESIGNED_FOR_IPHONE_IPAD = NO;
				SWIFT_EMIT_LOC_STRINGS = YES;
				SWIFT_VERSION = 5.0;
				TARGETED_DEVICE_FAMILY = 2;
			};
			name = Debug;
		};
		F8BDB9CC2D53702C00995C79 /* Release */ = {
			isa = XCBuildConfiguration;
			buildSettings = {
				ASSETCATALOG_COMPILER_APPICON_NAME = AppIcon;
				ASSETCATALOG_COMPILER_GLOBAL_ACCENT_COLOR_NAME = AccentColor;
				CODE_SIGN_STYLE = Automatic;
				CURRENT_PROJECT_VERSION = 1;
				DEVELOPMENT_ASSET_PATHS = "\"TheLastStop/Preview Content\"";
				DEVELOPMENT_TEAM = VA3J8597P8;
				ENABLE_PREVIEWS = YES;
				GENERATE_INFOPLIST_FILE = YES;
				INFOPLIST_KEY_UIApplicationSceneManifest_Generation = YES;
				INFOPLIST_KEY_UIApplicationSupportsIndirectInputEvents = YES;
				INFOPLIST_KEY_UILaunchScreen_Generation = YES;
				INFOPLIST_KEY_UISupportedInterfaceOrientations = "UIInterfaceOrientationLandscapeLeft UIInterfaceOrientationLandscapeRight UIInterfaceOrientationPortrait";
				INFOPLIST_KEY_UISupportedInterfaceOrientations_iPad = "UIInterfaceOrientationLandscapeLeft UIInterfaceOrientationLandscapeRight";
				LD_RUNPATH_SEARCH_PATHS = (
					"$(inherited)",
					"@executable_path/Frameworks",
				);
				MARKETING_VERSION = 1.0;
				PRODUCT_BUNDLE_IDENTIFIER = com.moro.TheLastStop;
				PRODUCT_NAME = "$(TARGET_NAME)";
				SUPPORTED_PLATFORMS = "iphoneos iphonesimulator";
				SUPPORTS_MACCATALYST = NO;
				SUPPORTS_MAC_DESIGNED_FOR_IPHONE_IPAD = NO;
				SUPPORTS_XR_DESIGNED_FOR_IPHONE_IPAD = NO;
				SWIFT_EMIT_LOC_STRINGS = YES;
				SWIFT_VERSION = 5.0;
				TARGETED_DEVICE_FAMILY = 2;
			};
			name = Release;
		};
/* End XCBuildConfiguration section */

/* Begin XCConfigurationList section */
		F8BDB9B72D53702B00995C79 /* Build configuration list for PBXProject "TheLastStop" */ = {
			isa = XCConfigurationList;
			buildConfigurations = (
				F8BDB9C82D53702C00995C79 /* Debug */,
				F8BDB9C92D53702C00995C79 /* Release */,
			);
			defaultConfigurationIsVisible = 0;
			defaultConfigurationName = Release;
		};
		F8BDB9CA2D53702C00995C79 /* Build configuration list for PBXNativeTarget "TheLastStop" */ = {
			isa = XCConfigurationList;
			buildConfigurations = (
				F8BDB9CB2D53702C00995C79 /* Debug */,
				F8BDB9CC2D53702C00995C79 /* Release */,
			);
			defaultConfigurationIsVisible = 0;
			defaultConfigurationName = Release;
		};
/* End XCConfigurationList section */
	};
	rootObject = F8BDB9B42D53702B00995C79 /* Project object */;
}
